// !$*UTF8*$!
{
	archiveVersion = 1;
	classes = {
	};
	objectVersion = 56;
	objects = {

/* Begin PBXBuildFile section */
		706E47192C6C7B9400842242 /* HalloSunsetApp.swift in Sources */ = {isa = PBXBuildFile; fileRef = 706E47182C6C7B9400842242 /* HalloSunsetApp.swift */; };
		706E471F2C6C7B9600842242 /* Assets.xcassets in Resources */ = {isa = PBXBuildFile; fileRef = 706E471E2C6C7B9600842242 /* Assets.xcassets */; };
		706E47232C6C7B9600842242 /* Preview Assets.xcassets in Resources */ = {isa = PBXBuildFile; fileRef = 706E47222C6C7B9600842242 /* Preview Assets.xcassets */; };
		706E472D2C6C7B9600842242 /* HalloSunsetTests.swift in Sources */ = {isa = PBXBuildFile; fileRef = 706E472C2C6C7B9600842242 /* HalloSunsetTests.swift */; };
		706E47372C6C7B9600842242 /* HalloSunsetUITests.swift in Sources */ = {isa = PBXBuildFile; fileRef = 706E47362C6C7B9600842242 /* HalloSunsetUITests.swift */; };
		706E47392C6C7B9600842242 /* HalloSunsetUITestsLaunchTests.swift in Sources */ = {isa = PBXBuildFile; fileRef = 706E47382C6C7B9600842242 /* HalloSunsetUITestsLaunchTests.swift */; };
		706E474B2C6C7C4B00842242 /* DateTools.swift in Sources */ = {isa = PBXBuildFile; fileRef = 706E47452C6C7C4B00842242 /* DateTools.swift */; };
		706E474C2C6C7C4B00842242 /* LocaltionManager.swift in Sources */ = {isa = PBXBuildFile; fileRef = 706E47462C6C7C4B00842242 /* LocaltionManager.swift */; };
		706E474D2C6C7C4B00842242 /* LocationManaging.swift in Sources */ = {isa = PBXBuildFile; fileRef = 706E47472C6C7C4B00842242 /* LocationManaging.swift */; };
		706E474E2C6C7C4B00842242 /* SuntimeManager.swift in Sources */ = {isa = PBXBuildFile; fileRef = 706E47482C6C7C4B00842242 /* SuntimeManager.swift */; };
		706E474F2C6C7C4B00842242 /* SuntimeManaging.swift in Sources */ = {isa = PBXBuildFile; fileRef = 706E47492C6C7C4B00842242 /* SuntimeManaging.swift */; };
		706E47572C6C7C5400842242 /* SunsetDependencyResolver.swift in Sources */ = {isa = PBXBuildFile; fileRef = 706E47502C6C7C5400842242 /* SunsetDependencyResolver.swift */; };
		706E47582C6C7C5400842242 /* SunsetDependencyResolving.swift in Sources */ = {isa = PBXBuildFile; fileRef = 706E47512C6C7C5400842242 /* SunsetDependencyResolving.swift */; };
		706E47592C6C7C5400842242 /* SunsetView.swift in Sources */ = {isa = PBXBuildFile; fileRef = 706E47522C6C7C5400842242 /* SunsetView.swift */; };
		706E475A2C6C7C5400842242 /* SunsetViewModel.swift in Sources */ = {isa = PBXBuildFile; fileRef = 706E47532C6C7C5400842242 /* SunsetViewModel.swift */; };
		706E475B2C6C7C5400842242 /* SwiftUIView.swift in Sources */ = {isa = PBXBuildFile; fileRef = 706E47542C6C7C5400842242 /* SwiftUIView.swift */; };
		706E475F2C6C7D4900842242 /* Solar in Frameworks */ = {isa = PBXBuildFile; productRef = 706E475E2C6C7D4900842242 /* Solar */; };
/* End PBXBuildFile section */

/* Begin PBXContainerItemProxy section */
		706E47292C6C7B9600842242 /* PBXContainerItemProxy */ = {
			isa = PBXContainerItemProxy;
			containerPortal = 706E470D2C6C7B9400842242 /* Project object */;
			proxyType = 1;
			remoteGlobalIDString = 706E47142C6C7B9400842242;
			remoteInfo = HalloSunset;
		};
		706E47332C6C7B9600842242 /* PBXContainerItemProxy */ = {
			isa = PBXContainerItemProxy;
			containerPortal = 706E470D2C6C7B9400842242 /* Project object */;
			proxyType = 1;
			remoteGlobalIDString = 706E47142C6C7B9400842242;
			remoteInfo = HalloSunset;
		};
/* End PBXContainerItemProxy section */

/* Begin PBXFileReference section */
		706E47152C6C7B9400842242 /* HalloSunset.app */ = {isa = PBXFileReference; explicitFileType = wrapper.application; includeInIndex = 0; path = HalloSunset.app; sourceTree = BUILT_PRODUCTS_DIR; };
		706E47182C6C7B9400842242 /* HalloSunsetApp.swift */ = {isa = PBXFileReference; lastKnownFileType = sourcecode.swift; path = HalloSunsetApp.swift; sourceTree = "<group>"; };
		706E471E2C6C7B9600842242 /* Assets.xcassets */ = {isa = PBXFileReference; lastKnownFileType = folder.assetcatalog; path = Assets.xcassets; sourceTree = "<group>"; };
		706E47202C6C7B9600842242 /* HalloSunset.entitlements */ = {isa = PBXFileReference; lastKnownFileType = text.plist.entitlements; path = HalloSunset.entitlements; sourceTree = "<group>"; };
		706E47222C6C7B9600842242 /* Preview Assets.xcassets */ = {isa = PBXFileReference; lastKnownFileType = folder.assetcatalog; path = "Preview Assets.xcassets"; sourceTree = "<group>"; };
		706E47282C6C7B9600842242 /* HalloSunsetTests.xctest */ = {isa = PBXFileReference; explicitFileType = wrapper.cfbundle; includeInIndex = 0; path = HalloSunsetTests.xctest; sourceTree = BUILT_PRODUCTS_DIR; };
		706E472C2C6C7B9600842242 /* HalloSunsetTests.swift */ = {isa = PBXFileReference; lastKnownFileType = sourcecode.swift; path = HalloSunsetTests.swift; sourceTree = "<group>"; };
		706E47322C6C7B9600842242 /* HalloSunsetUITests.xctest */ = {isa = PBXFileReference; explicitFileType = wrapper.cfbundle; includeInIndex = 0; path = HalloSunsetUITests.xctest; sourceTree = BUILT_PRODUCTS_DIR; };
		706E47362C6C7B9600842242 /* HalloSunsetUITests.swift */ = {isa = PBXFileReference; lastKnownFileType = sourcecode.swift; path = HalloSunsetUITests.swift; sourceTree = "<group>"; };
		706E47382C6C7B9600842242 /* HalloSunsetUITestsLaunchTests.swift */ = {isa = PBXFileReference; lastKnownFileType = sourcecode.swift; path = HalloSunsetUITestsLaunchTests.swift; sourceTree = "<group>"; };
		706E47452C6C7C4B00842242 /* DateTools.swift */ = {isa = PBXFileReference; fileEncoding = 4; lastKnownFileType = sourcecode.swift; path = DateTools.swift; sourceTree = "<group>"; };
		706E47462C6C7C4B00842242 /* LocaltionManager.swift */ = {isa = PBXFileReference; fileEncoding = 4; lastKnownFileType = sourcecode.swift; path = LocaltionManager.swift; sourceTree = "<group>"; };
		706E47472C6C7C4B00842242 /* LocationManaging.swift */ = {isa = PBXFileReference; fileEncoding = 4; lastKnownFileType = sourcecode.swift; path = LocationManaging.swift; sourceTree = "<group>"; };
		706E47482C6C7C4B00842242 /* SuntimeManager.swift */ = {isa = PBXFileReference; fileEncoding = 4; lastKnownFileType = sourcecode.swift; path = SuntimeManager.swift; sourceTree = "<group>"; };
		706E47492C6C7C4B00842242 /* SuntimeManaging.swift */ = {isa = PBXFileReference; fileEncoding = 4; lastKnownFileType = sourcecode.swift; path = SuntimeManaging.swift; sourceTree = "<group>"; };
		706E47502C6C7C5400842242 /* SunsetDependencyResolver.swift */ = {isa = PBXFileReference; fileEncoding = 4; lastKnownFileType = sourcecode.swift; path = SunsetDependencyResolver.swift; sourceTree = "<group>"; };
		706E47512C6C7C5400842242 /* SunsetDependencyResolving.swift */ = {isa = PBXFileReference; fileEncoding = 4; lastKnownFileType = sourcecode.swift; path = SunsetDependencyResolving.swift; sourceTree = "<group>"; };
		706E47522C6C7C5400842242 /* SunsetView.swift */ = {isa = PBXFileReference; fileEncoding = 4; lastKnownFileType = sourcecode.swift; path = SunsetView.swift; sourceTree = "<group>"; };
		706E47532C6C7C5400842242 /* SunsetViewModel.swift */ = {isa = PBXFileReference; fileEncoding = 4; lastKnownFileType = sourcecode.swift; path = SunsetViewModel.swift; sourceTree = "<group>"; };
		706E47542C6C7C5400842242 /* SwiftUIView.swift */ = {isa = PBXFileReference; fileEncoding = 4; lastKnownFileType = sourcecode.swift; path = SwiftUIView.swift; sourceTree = "<group>"; };
/* End PBXFileReference section */

/* Begin PBXFrameworksBuildPhase section */
		706E47122C6C7B9400842242 /* Frameworks */ = {
			isa = PBXFrameworksBuildPhase;
			buildActionMask = 2147483647;
			files = (
				706E475F2C6C7D4900842242 /* Solar in Frameworks */,
			);
			runOnlyForDeploymentPostprocessing = 0;
		};
		706E47252C6C7B9600842242 /* Frameworks */ = {
			isa = PBXFrameworksBuildPhase;
			buildActionMask = 2147483647;
			files = (
			);
			runOnlyForDeploymentPostprocessing = 0;
		};
		706E472F2C6C7B9600842242 /* Frameworks */ = {
			isa = PBXFrameworksBuildPhase;
			buildActionMask = 2147483647;
			files = (
			);
			runOnlyForDeploymentPostprocessing = 0;
		};
/* End PBXFrameworksBuildPhase section */

/* Begin PBXGroup section */
		706E470C2C6C7B9400842242 = {
			isa = PBXGroup;
			children = (
				706E47172C6C7B9400842242 /* HalloSunset */,
				706E472B2C6C7B9600842242 /* HalloSunsetTests */,
				706E47352C6C7B9600842242 /* HalloSunsetUITests */,
				706E47162C6C7B9400842242 /* Products */,
				706E475D2C6C7D4900842242 /* Frameworks */,
			);
			sourceTree = "<group>";
		};
		706E47162C6C7B9400842242 /* Products */ = {
			isa = PBXGroup;
			children = (
				706E47152C6C7B9400842242 /* HalloSunset.app */,
				706E47282C6C7B9600842242 /* HalloSunsetTests.xctest */,
				706E47322C6C7B9600842242 /* HalloSunsetUITests.xctest */,
			);
			name = Products;
			sourceTree = "<group>";
		};
		706E47172C6C7B9400842242 /* HalloSunset */ = {
			isa = PBXGroup;
			children = (
				706E47562C6C7C5400842242 /* Feature */,
				706E474A2C6C7C4B00842242 /* Core */,
				706E47182C6C7B9400842242 /* HalloSunsetApp.swift */,
				706E471E2C6C7B9600842242 /* Assets.xcassets */,
				706E47202C6C7B9600842242 /* HalloSunset.entitlements */,
				706E47212C6C7B9600842242 /* Preview Content */,
			);
			path = HalloSunset;
			sourceTree = "<group>";
		};
		706E47212C6C7B9600842242 /* Preview Content */ = {
			isa = PBXGroup;
			children = (
				706E47222C6C7B9600842242 /* Preview Assets.xcassets */,
			);
			path = "Preview Content";
			sourceTree = "<group>";
		};
		706E472B2C6C7B9600842242 /* HalloSunsetTests */ = {
			isa = PBXGroup;
			children = (
				706E472C2C6C7B9600842242 /* HalloSunsetTests.swift */,
			);
			path = HalloSunsetTests;
			sourceTree = "<group>";
		};
		706E47352C6C7B9600842242 /* HalloSunsetUITests */ = {
			isa = PBXGroup;
			children = (
				706E47362C6C7B9600842242 /* HalloSunsetUITests.swift */,
				706E47382C6C7B9600842242 /* HalloSunsetUITestsLaunchTests.swift */,
			);
			path = HalloSunsetUITests;
			sourceTree = "<group>";
		};
		706E474A2C6C7C4B00842242 /* Core */ = {
			isa = PBXGroup;
			children = (
				706E47452C6C7C4B00842242 /* DateTools.swift */,
				706E47462C6C7C4B00842242 /* LocaltionManager.swift */,
				706E47472C6C7C4B00842242 /* LocationManaging.swift */,
				706E47482C6C7C4B00842242 /* SuntimeManager.swift */,
				706E47492C6C7C4B00842242 /* SuntimeManaging.swift */,
			);
			path = Core;
			sourceTree = "<group>";
		};
		706E47552C6C7C5400842242 /* Sunset */ = {
			isa = PBXGroup;
			children = (
				706E47502C6C7C5400842242 /* SunsetDependencyResolver.swift */,
				706E47512C6C7C5400842242 /* SunsetDependencyResolving.swift */,
				706E47522C6C7C5400842242 /* SunsetView.swift */,
				706E47532C6C7C5400842242 /* SunsetViewModel.swift */,
				706E47542C6C7C5400842242 /* SwiftUIView.swift */,
			);
			path = Sunset;
			sourceTree = "<group>";
		};
		706E47562C6C7C5400842242 /* Feature */ = {
			isa = PBXGroup;
			children = (
				706E47552C6C7C5400842242 /* Sunset */,
			);
			path = Feature;
			sourceTree = "<group>";
		};
		706E475D2C6C7D4900842242 /* Frameworks */ = {
			isa = PBXGroup;
			children = (
			);
			name = Frameworks;
			sourceTree = "<group>";
		};
/* End PBXGroup section */

/* Begin PBXNativeTarget section */
		706E47142C6C7B9400842242 /* HalloSunset */ = {
			isa = PBXNativeTarget;
			buildConfigurationList = 706E473C2C6C7B9600842242 /* Build configuration list for PBXNativeTarget "HalloSunset" */;
			buildPhases = (
				706E47112C6C7B9400842242 /* Sources */,
				706E47122C6C7B9400842242 /* Frameworks */,
				706E47132C6C7B9400842242 /* Resources */,
			);
			buildRules = (
			);
			dependencies = (
			);
			name = HalloSunset;
			packageProductDependencies = (
				706E475E2C6C7D4900842242 /* Solar */,
			);
			productName = HalloSunset;
			productReference = 706E47152C6C7B9400842242 /* HalloSunset.app */;
			productType = "com.apple.product-type.application";
		};
		706E47272C6C7B9600842242 /* HalloSunsetTests */ = {
			isa = PBXNativeTarget;
			buildConfigurationList = 706E473F2C6C7B9600842242 /* Build configuration list for PBXNativeTarget "HalloSunsetTests" */;
			buildPhases = (
				706E47242C6C7B9600842242 /* Sources */,
				706E47252C6C7B9600842242 /* Frameworks */,
				706E47262C6C7B9600842242 /* Resources */,
			);
			buildRules = (
			);
			dependencies = (
				706E472A2C6C7B9600842242 /* PBXTargetDependency */,
			);
			name = HalloSunsetTests;
			productName = HalloSunsetTests;
			productReference = 706E47282C6C7B9600842242 /* HalloSunsetTests.xctest */;
			productType = "com.apple.product-type.bundle.unit-test";
		};
		706E47312C6C7B9600842242 /* HalloSunsetUITests */ = {
			isa = PBXNativeTarget;
			buildConfigurationList = 706E47422C6C7B9600842242 /* Build configuration list for PBXNativeTarget "HalloSunsetUITests" */;
			buildPhases = (
				706E472E2C6C7B9600842242 /* Sources */,
				706E472F2C6C7B9600842242 /* Frameworks */,
				706E47302C6C7B9600842242 /* Resources */,
			);
			buildRules = (
			);
			dependencies = (
				706E47342C6C7B9600842242 /* PBXTargetDependency */,
			);
			name = HalloSunsetUITests;
			productName = HalloSunsetUITests;
			productReference = 706E47322C6C7B9600842242 /* HalloSunsetUITests.xctest */;
			productType = "com.apple.product-type.bundle.ui-testing";
		};
/* End PBXNativeTarget section */

/* Begin PBXProject section */
		706E470D2C6C7B9400842242 /* Project object */ = {
			isa = PBXProject;
			attributes = {
				BuildIndependentTargetsInParallel = 1;
				LastSwiftUpdateCheck = 1540;
				LastUpgradeCheck = 1540;
				TargetAttributes = {
					706E47142C6C7B9400842242 = {
						CreatedOnToolsVersion = 15.4;
					};
					706E47272C6C7B9600842242 = {
						CreatedOnToolsVersion = 15.4;
						TestTargetID = 706E47142C6C7B9400842242;
					};
					706E47312C6C7B9600842242 = {
						CreatedOnToolsVersion = 15.4;
						TestTargetID = 706E47142C6C7B9400842242;
					};
				};
			};
			buildConfigurationList = 706E47102C6C7B9400842242 /* Build configuration list for PBXProject "HalloSunset" */;
			compatibilityVersion = "Xcode 14.0";
			developmentRegion = en;
			hasScannedForEncodings = 0;
			knownRegions = (
				en,
				Base,
			);
			mainGroup = 706E470C2C6C7B9400842242;
			packageReferences = (
				706E475C2C6C7D2200842242 /* XCRemoteSwiftPackageReference "Solar" */,
			);
			productRefGroup = 706E47162C6C7B9400842242 /* Products */;
			projectDirPath = "";
			projectRoot = "";
			targets = (
				706E47142C6C7B9400842242 /* HalloSunset */,
				706E47272C6C7B9600842242 /* HalloSunsetTests */,
				706E47312C6C7B9600842242 /* HalloSunsetUITests */,
			);
		};
/* End PBXProject section */

/* Begin PBXResourcesBuildPhase section */
		706E47132C6C7B9400842242 /* Resources */ = {
			isa = PBXResourcesBuildPhase;
			buildActionMask = 2147483647;
			files = (
				706E47232C6C7B9600842242 /* Preview Assets.xcassets in Resources */,
				706E471F2C6C7B9600842242 /* Assets.xcassets in Resources */,
			);
			runOnlyForDeploymentPostprocessing = 0;
		};
		706E47262C6C7B9600842242 /* Resources */ = {
			isa = PBXResourcesBuildPhase;
			buildActionMask = 2147483647;
			files = (
			);
			runOnlyForDeploymentPostprocessing = 0;
		};
		706E47302C6C7B9600842242 /* Resources */ = {
			isa = PBXResourcesBuildPhase;
			buildActionMask = 2147483647;
			files = (
			);
			runOnlyForDeploymentPostprocessing = 0;
		};
/* End PBXResourcesBuildPhase section */

/* Begin PBXSourcesBuildPhase section */
		706E47112C6C7B9400842242 /* Sources */ = {
			isa = PBXSourcesBuildPhase;
			buildActionMask = 2147483647;
			files = (
				706E475B2C6C7C5400842242 /* SwiftUIView.swift in Sources */,
				706E474B2C6C7C4B00842242 /* DateTools.swift in Sources */,
				706E475A2C6C7C5400842242 /* SunsetViewModel.swift in Sources */,
				706E47592C6C7C5400842242 /* SunsetView.swift in Sources */,
				706E47572C6C7C5400842242 /* SunsetDependencyResolver.swift in Sources */,
				706E474D2C6C7C4B00842242 /* LocationManaging.swift in Sources */,
				706E47582C6C7C5400842242 /* SunsetDependencyResolving.swift in Sources */,
				706E474E2C6C7C4B00842242 /* SuntimeManager.swift in Sources */,
				706E474C2C6C7C4B00842242 /* LocaltionManager.swift in Sources */,
				706E47192C6C7B9400842242 /* HalloSunsetApp.swift in Sources */,
				706E474F2C6C7C4B00842242 /* SuntimeManaging.swift in Sources */,
			);
			runOnlyForDeploymentPostprocessing = 0;
		};
		706E47242C6C7B9600842242 /* Sources */ = {
			isa = PBXSourcesBuildPhase;
			buildActionMask = 2147483647;
			files = (
				706E472D2C6C7B9600842242 /* HalloSunsetTests.swift in Sources */,
			);
			runOnlyForDeploymentPostprocessing = 0;
		};
		706E472E2C6C7B9600842242 /* Sources */ = {
			isa = PBXSourcesBuildPhase;
			buildActionMask = 2147483647;
			files = (
				706E47372C6C7B9600842242 /* HalloSunsetUITests.swift in Sources */,
				706E47392C6C7B9600842242 /* HalloSunsetUITestsLaunchTests.swift in Sources */,
			);
			runOnlyForDeploymentPostprocessing = 0;
		};
/* End PBXSourcesBuildPhase section */

/* Begin PBXTargetDependency section */
		706E472A2C6C7B9600842242 /* PBXTargetDependency */ = {
			isa = PBXTargetDependency;
			target = 706E47142C6C7B9400842242 /* HalloSunset */;
			targetProxy = 706E47292C6C7B9600842242 /* PBXContainerItemProxy */;
		};
		706E47342C6C7B9600842242 /* PBXTargetDependency */ = {
			isa = PBXTargetDependency;
			target = 706E47142C6C7B9400842242 /* HalloSunset */;
			targetProxy = 706E47332C6C7B9600842242 /* PBXContainerItemProxy */;
		};
/* End PBXTargetDependency section */

/* Begin XCBuildConfiguration section */
		706E473A2C6C7B9600842242 /* Debug */ = {
			isa = XCBuildConfiguration;
			buildSettings = {
				ALWAYS_SEARCH_USER_PATHS = NO;
				ASSETCATALOG_COMPILER_GENERATE_SWIFT_ASSET_SYMBOL_EXTENSIONS = YES;
				CLANG_ANALYZER_NONNULL = YES;
				CLANG_ANALYZER_NUMBER_OBJECT_CONVERSION = YES_AGGRESSIVE;
				CLANG_CXX_LANGUAGE_STANDARD = "gnu++20";
				CLANG_ENABLE_MODULES = YES;
				CLANG_ENABLE_OBJC_ARC = YES;
				CLANG_ENABLE_OBJC_WEAK = YES;
				CLANG_WARN_BLOCK_CAPTURE_AUTORELEASING = YES;
				CLANG_WARN_BOOL_CONVERSION = YES;
				CLANG_WARN_COMMA = YES;
				CLANG_WARN_CONSTANT_CONVERSION = YES;
				CLANG_WARN_DEPRECATED_OBJC_IMPLEMENTATIONS = YES;
				CLANG_WARN_DIRECT_OBJC_ISA_USAGE = YES_ERROR;
				CLANG_WARN_DOCUMENTATION_COMMENTS = YES;
				CLANG_WARN_EMPTY_BODY = YES;
				CLANG_WARN_ENUM_CONVERSION = YES;
				CLANG_WARN_INFINITE_RECURSION = YES;
				CLANG_WARN_INT_CONVERSION = YES;
				CLANG_WARN_NON_LITERAL_NULL_CONVERSION = YES;
				CLANG_WARN_OBJC_IMPLICIT_RETAIN_SELF = YES;
				CLANG_WARN_OBJC_LITERAL_CONVERSION = YES;
				CLANG_WARN_OBJC_ROOT_CLASS = YES_ERROR;
				CLANG_WARN_QUOTED_INCLUDE_IN_FRAMEWORK_HEADER = YES;
				CLANG_WARN_RANGE_LOOP_ANALYSIS = YES;
				CLANG_WARN_STRICT_PROTOTYPES = YES;
				CLANG_WARN_SUSPICIOUS_MOVE = YES;
				CLANG_WARN_UNGUARDED_AVAILABILITY = YES_AGGRESSIVE;
				CLANG_WARN_UNREACHABLE_CODE = YES;
				CLANG_WARN__DUPLICATE_METHOD_MATCH = YES;
				COPY_PHASE_STRIP = NO;
				DEBUG_INFORMATION_FORMAT = dwarf;
				ENABLE_STRICT_OBJC_MSGSEND = YES;
				ENABLE_TESTABILITY = YES;
				ENABLE_USER_SCRIPT_SANDBOXING = YES;
				GCC_C_LANGUAGE_STANDARD = gnu17;
				GCC_DYNAMIC_NO_PIC = NO;
				GCC_NO_COMMON_BLOCKS = YES;
				GCC_OPTIMIZATION_LEVEL = 0;
				GCC_PREPROCESSOR_DEFINITIONS = (
					"DEBUG=1",
					"$(inherited)",
				);
				GCC_WARN_64_TO_32_BIT_CONVERSION = YES;
				GCC_WARN_ABOUT_RETURN_TYPE = YES_ERROR;
				GCC_WARN_UNDECLARED_SELECTOR = YES;
				GCC_WARN_UNINITIALIZED_AUTOS = YES_AGGRESSIVE;
				GCC_WARN_UNUSED_FUNCTION = YES;
				GCC_WARN_UNUSED_VARIABLE = YES;
				LOCALIZATION_PREFERS_STRING_CATALOGS = YES;
				MTL_ENABLE_DEBUG_INFO = INCLUDE_SOURCE;
				MTL_FAST_MATH = YES;
				ONLY_ACTIVE_ARCH = YES;
				SWIFT_ACTIVE_COMPILATION_CONDITIONS = "DEBUG $(inherited)";
				SWIFT_OPTIMIZATION_LEVEL = "-Onone";
			};
			name = Debug;
		};
		706E473B2C6C7B9600842242 /* Release */ = {
			isa = XCBuildConfiguration;
			buildSettings = {
				ALWAYS_SEARCH_USER_PATHS = NO;
				ASSETCATALOG_COMPILER_GENERATE_SWIFT_ASSET_SYMBOL_EXTENSIONS = YES;
				CLANG_ANALYZER_NONNULL = YES;
				CLANG_ANALYZER_NUMBER_OBJECT_CONVERSION = YES_AGGRESSIVE;
				CLANG_CXX_LANGUAGE_STANDARD = "gnu++20";
				CLANG_ENABLE_MODULES = YES;
				CLANG_ENABLE_OBJC_ARC = YES;
				CLANG_ENABLE_OBJC_WEAK = YES;
				CLANG_WARN_BLOCK_CAPTURE_AUTORELEASING = YES;
				CLANG_WARN_BOOL_CONVERSION = YES;
				CLANG_WARN_COMMA = YES;
				CLANG_WARN_CONSTANT_CONVERSION = YES;
				CLANG_WARN_DEPRECATED_OBJC_IMPLEMENTATIONS = YES;
				CLANG_WARN_DIRECT_OBJC_ISA_USAGE = YES_ERROR;
				CLANG_WARN_DOCUMENTATION_COMMENTS = YES;
				CLANG_WARN_EMPTY_BODY = YES;
				CLANG_WARN_ENUM_CONVERSION = YES;
				CLANG_WARN_INFINITE_RECURSION = YES;
				CLANG_WARN_INT_CONVERSION = YES;
				CLANG_WARN_NON_LITERAL_NULL_CONVERSION = YES;
				CLANG_WARN_OBJC_IMPLICIT_RETAIN_SELF = YES;
				CLANG_WARN_OBJC_LITERAL_CONVERSION = YES;
				CLANG_WARN_OBJC_ROOT_CLASS = YES_ERROR;
				CLANG_WARN_QUOTED_INCLUDE_IN_FRAMEWORK_HEADER = YES;
				CLANG_WARN_RANGE_LOOP_ANALYSIS = YES;
				CLANG_WARN_STRICT_PROTOTYPES = YES;
				CLANG_WARN_SUSPICIOUS_MOVE = YES;
				CLANG_WARN_UNGUARDED_AVAILABILITY = YES_AGGRESSIVE;
				CLANG_WARN_UNREACHABLE_CODE = YES;
				CLANG_WARN__DUPLICATE_METHOD_MATCH = YES;
				COPY_PHASE_STRIP = NO;
				DEBUG_INFORMATION_FORMAT = "dwarf-with-dsym";
				ENABLE_NS_ASSERTIONS = NO;
				ENABLE_STRICT_OBJC_MSGSEND = YES;
				ENABLE_USER_SCRIPT_SANDBOXING = YES;
				GCC_C_LANGUAGE_STANDARD = gnu17;
				GCC_NO_COMMON_BLOCKS = YES;
				GCC_WARN_64_TO_32_BIT_CONVERSION = YES;
				GCC_WARN_ABOUT_RETURN_TYPE = YES_ERROR;
				GCC_WARN_UNDECLARED_SELECTOR = YES;
				GCC_WARN_UNINITIALIZED_AUTOS = YES_AGGRESSIVE;
				GCC_WARN_UNUSED_FUNCTION = YES;
				GCC_WARN_UNUSED_VARIABLE = YES;
				LOCALIZATION_PREFERS_STRING_CATALOGS = YES;
				MTL_ENABLE_DEBUG_INFO = NO;
				MTL_FAST_MATH = YES;
				SWIFT_COMPILATION_MODE = wholemodule;
			};
			name = Release;
		};
		706E473D2C6C7B9600842242 /* Debug */ = {
			isa = XCBuildConfiguration;
			buildSettings = {
				ASSETCATALOG_COMPILER_APPICON_NAME = AppIcon;
				ASSETCATALOG_COMPILER_GLOBAL_ACCENT_COLOR_NAME = AccentColor;
				CODE_SIGN_ENTITLEMENTS = HalloSunset/HalloSunset.entitlements;
				CODE_SIGN_STYLE = Automatic;
				CURRENT_PROJECT_VERSION = 1;
				DEVELOPMENT_ASSET_PATHS = "\"HalloSunset/Preview Content\"";
				DEVELOPMENT_TEAM = QV8A622H75;
				ENABLE_HARDENED_RUNTIME = YES;
				ENABLE_PREVIEWS = YES;
				GENERATE_INFOPLIST_FILE = YES;
				"INFOPLIST_KEY_UIApplicationSceneManifest_Generation[sdk=iphoneos*]" = YES;
				"INFOPLIST_KEY_UIApplicationSceneManifest_Generation[sdk=iphonesimulator*]" = YES;
				"INFOPLIST_KEY_UIApplicationSupportsIndirectInputEvents[sdk=iphoneos*]" = YES;
				"INFOPLIST_KEY_UIApplicationSupportsIndirectInputEvents[sdk=iphonesimulator*]" = YES;
				"INFOPLIST_KEY_UILaunchScreen_Generation[sdk=iphoneos*]" = YES;
				"INFOPLIST_KEY_UILaunchScreen_Generation[sdk=iphonesimulator*]" = YES;
				"INFOPLIST_KEY_UIStatusBarStyle[sdk=iphoneos*]" = UIStatusBarStyleDefault;
				"INFOPLIST_KEY_UIStatusBarStyle[sdk=iphonesimulator*]" = UIStatusBarStyleDefault;
				INFOPLIST_KEY_UISupportedInterfaceOrientations_iPad = "UIInterfaceOrientationPortrait UIInterfaceOrientationPortraitUpsideDown UIInterfaceOrientationLandscapeLeft UIInterfaceOrientationLandscapeRight";
				INFOPLIST_KEY_UISupportedInterfaceOrientations_iPhone = "UIInterfaceOrientationPortrait UIInterfaceOrientationLandscapeLeft UIInterfaceOrientationLandscapeRight";
				IPHONEOS_DEPLOYMENT_TARGET = 17.5;
				LD_RUNPATH_SEARCH_PATHS = "@executable_path/Frameworks";
				"LD_RUNPATH_SEARCH_PATHS[sdk=macosx*]" = "@executable_path/../Frameworks";
				MACOSX_DEPLOYMENT_TARGET = 14.0;
				MARKETING_VERSION = 1.0;
				PRODUCT_BUNDLE_IDENTIFIER = com.sunapp.HalloSunset;
				PRODUCT_NAME = "$(TARGET_NAME)";
				SDKROOT = auto;
				SUPPORTED_PLATFORMS = "iphoneos iphonesimulator macosx";
				SWIFT_EMIT_LOC_STRINGS = YES;
				SWIFT_VERSION = 5.0;
				TARGETED_DEVICE_FAMILY = "1,2";
			};
			name = Debug;
		};
		706E473E2C6C7B9600842242 /* Release */ = {
			isa = XCBuildConfiguration;
			buildSettings = {
				ASSETCATALOG_COMPILER_APPICON_NAME = AppIcon;
				ASSETCATALOG_COMPILER_GLOBAL_ACCENT_COLOR_NAME = AccentColor;
				CODE_SIGN_ENTITLEMENTS = HalloSunset/HalloSunset.entitlements;
				CODE_SIGN_STYLE = Automatic;
				CURRENT_PROJECT_VERSION = 1;
				DEVELOPMENT_ASSET_PATHS = "\"HalloSunset/Preview Content\"";
				DEVELOPMENT_TEAM = QV8A622H75;
				ENABLE_HARDENED_RUNTIME = YES;
				ENABLE_PREVIEWS = YES;
				GENERATE_INFOPLIST_FILE = YES;
				"INFOPLIST_KEY_UIApplicationSceneManifest_Generation[sdk=iphoneos*]" = YES;
				"INFOPLIST_KEY_UIApplicationSceneManifest_Generation[sdk=iphonesimulator*]" = YES;
				"INFOPLIST_KEY_UIApplicationSupportsIndirectInputEvents[sdk=iphoneos*]" = YES;
				"INFOPLIST_KEY_UIApplicationSupportsIndirectInputEvents[sdk=iphonesimulator*]" = YES;
				"INFOPLIST_KEY_UILaunchScreen_Generation[sdk=iphoneos*]" = YES;
				"INFOPLIST_KEY_UILaunchScreen_Generation[sdk=iphonesimulator*]" = YES;
				"INFOPLIST_KEY_UIStatusBarStyle[sdk=iphoneos*]" = UIStatusBarStyleDefault;
				"INFOPLIST_KEY_UIStatusBarStyle[sdk=iphonesimulator*]" = UIStatusBarStyleDefault;
				INFOPLIST_KEY_UISupportedInterfaceOrientations_iPad = "UIInterfaceOrientationPortrait UIInterfaceOrientationPortraitUpsideDown UIInterfaceOrientationLandscapeLeft UIInterfaceOrientationLandscapeRight";
				INFOPLIST_KEY_UISupportedInterfaceOrientations_iPhone = "UIInterfaceOrientationPortrait UIInterfaceOrientationLandscapeLeft UIInterfaceOrientationLandscapeRight";
				IPHONEOS_DEPLOYMENT_TARGET = 17.5;
				LD_RUNPATH_SEARCH_PATHS = "@executable_path/Frameworks";
				"LD_RUNPATH_SEARCH_PATHS[sdk=macosx*]" = "@executable_path/../Frameworks";
				MACOSX_DEPLOYMENT_TARGET = 14.0;
				MARKETING_VERSION = 1.0;
				PRODUCT_BUNDLE_IDENTIFIER = com.sunapp.HalloSunset;
				PRODUCT_NAME = "$(TARGET_NAME)";
				SDKROOT = auto;
				SUPPORTED_PLATFORMS = "iphoneos iphonesimulator macosx";
				SWIFT_EMIT_LOC_STRINGS = YES;
				SWIFT_VERSION = 5.0;
				TARGETED_DEVICE_FAMILY = "1,2";
			};
			name = Release;
		};
		706E47402C6C7B9600842242 /* Debug */ = {
			isa = XCBuildConfiguration;
			buildSettings = {
				ALWAYS_EMBED_SWIFT_STANDARD_LIBRARIES = YES;
				BUNDLE_LOADER = "$(TEST_HOST)";
				CODE_SIGN_STYLE = Automatic;
				CURRENT_PROJECT_VERSION = 1;
				DEVELOPMENT_TEAM = QV8A622H75;
				GENERATE_INFOPLIST_FILE = YES;
				IPHONEOS_DEPLOYMENT_TARGET = 17.5;
				MACOSX_DEPLOYMENT_TARGET = 14.5;
				MARKETING_VERSION = 1.0;
				PRODUCT_BUNDLE_IDENTIFIER = com.sunapp.HalloSunsetTests;
				PRODUCT_NAME = "$(TARGET_NAME)";
				SDKROOT = auto;
				SUPPORTED_PLATFORMS = "iphoneos iphonesimulator macosx";
				SWIFT_EMIT_LOC_STRINGS = NO;
				SWIFT_VERSION = 5.0;
				TARGETED_DEVICE_FAMILY = "1,2";
				TEST_HOST = "$(BUILT_PRODUCTS_DIR)/HalloSunset.app/$(BUNDLE_EXECUTABLE_FOLDER_PATH)/HalloSunset";
			};
			name = Debug;
		};
		706E47412C6C7B9600842242 /* Release */ = {
			isa = XCBuildConfiguration;
			buildSettings = {
				ALWAYS_EMBED_SWIFT_STANDARD_LIBRARIES = YES;
				BUNDLE_LOADER = "$(TEST_HOST)";
				CODE_SIGN_STYLE = Automatic;
				CURRENT_PROJECT_VERSION = 1;
				DEVELOPMENT_TEAM = QV8A622H75;
				GENERATE_INFOPLIST_FILE = YES;
				IPHONEOS_DEPLOYMENT_TARGET = 17.5;
				MACOSX_DEPLOYMENT_TARGET = 14.5;
				MARKETING_VERSION = 1.0;
				PRODUCT_BUNDLE_IDENTIFIER = com.sunapp.HalloSunsetTests;
				PRODUCT_NAME = "$(TARGET_NAME)";
				SDKROOT = auto;
				SUPPORTED_PLATFORMS = "iphoneos iphonesimulator macosx";
				SWIFT_EMIT_LOC_STRINGS = NO;
				SWIFT_VERSION = 5.0;
				TARGETED_DEVICE_FAMILY = "1,2";
				TEST_HOST = "$(BUILT_PRODUCTS_DIR)/HalloSunset.app/$(BUNDLE_EXECUTABLE_FOLDER_PATH)/HalloSunset";
			};
			name = Release;
		};
		706E47432C6C7B9600842242 /* Debug */ = {
			isa = XCBuildConfiguration;
			buildSettings = {
				ALWAYS_EMBED_SWIFT_STANDARD_LIBRARIES = YES;
				CODE_SIGN_STYLE = Automatic;
				CURRENT_PROJECT_VERSION = 1;
				DEVELOPMENT_TEAM = QV8A622H75;
				GENERATE_INFOPLIST_FILE = YES;
				IPHONEOS_DEPLOYMENT_TARGET = 17.5;
				MACOSX_DEPLOYMENT_TARGET = 14.5;
				MARKETING_VERSION = 1.0;
				PRODUCT_BUNDLE_IDENTIFIER = com.sunapp.HalloSunsetUITests;
				PRODUCT_NAME = "$(TARGET_NAME)";
				SDKROOT = auto;
				SUPPORTED_PLATFORMS = "iphoneos iphonesimulator macosx";
				SWIFT_EMIT_LOC_STRINGS = NO;
				SWIFT_VERSION = 5.0;
				TARGETED_DEVICE_FAMILY = "1,2";
				TEST_TARGET_NAME = HalloSunset;
			};
			name = Debug;
		};
		706E47442C6C7B9600842242 /* Release */ = {
			isa = XCBuildConfiguration;
			buildSettings = {
				ALWAYS_EMBED_SWIFT_STANDARD_LIBRARIES = YES;
				CODE_SIGN_STYLE = Automatic;
				CURRENT_PROJECT_VERSION = 1;
				DEVELOPMENT_TEAM = QV8A622H75;
				GENERATE_INFOPLIST_FILE = YES;
				IPHONEOS_DEPLOYMENT_TARGET = 17.5;
				MACOSX_DEPLOYMENT_TARGET = 14.5;
				MARKETING_VERSION = 1.0;
				PRODUCT_BUNDLE_IDENTIFIER = com.sunapp.HalloSunsetUITests;
				PRODUCT_NAME = "$(TARGET_NAME)";
				SDKROOT = auto;
				SUPPORTED_PLATFORMS = "iphoneos iphonesimulator macosx";
				SWIFT_EMIT_LOC_STRINGS = NO;
				SWIFT_VERSION = 5.0;
				TARGETED_DEVICE_FAMILY = "1,2";
				TEST_TARGET_NAME = HalloSunset;
			};
			name = Release;
		};
/* End XCBuildConfiguration section */

/* Begin XCConfigurationList section */
		706E47102C6C7B9400842242 /* Build configuration list for PBXProject "HalloSunset" */ = {
			isa = XCConfigurationList;
			buildConfigurations = (
				706E473A2C6C7B9600842242 /* Debug */,
				706E473B2C6C7B9600842242 /* Release */,
			);
			defaultConfigurationIsVisible = 0;
			defaultConfigurationName = Release;
		};
		706E473C2C6C7B9600842242 /* Build configuration list for PBXNativeTarget "HalloSunset" */ = {
			isa = XCConfigurationList;
			buildConfigurations = (
				706E473D2C6C7B9600842242 /* Debug */,
				706E473E2C6C7B9600842242 /* Release */,
			);
			defaultConfigurationIsVisible = 0;
			defaultConfigurationName = Release;
		};
		706E473F2C6C7B9600842242 /* Build configuration list for PBXNativeTarget "HalloSunsetTests" */ = {
			isa = XCConfigurationList;
			buildConfigurations = (
				706E47402C6C7B9600842242 /* Debug */,
				706E47412C6C7B9600842242 /* Release */,
			);
			defaultConfigurationIsVisible = 0;
			defaultConfigurationName = Release;
		};
		706E47422C6C7B9600842242 /* Build configuration list for PBXNativeTarget "HalloSunsetUITests" */ = {
			isa = XCConfigurationList;
			buildConfigurations = (
				706E47432C6C7B9600842242 /* Debug */,
				706E47442C6C7B9600842242 /* Release */,
			);
			defaultConfigurationIsVisible = 0;
			defaultConfigurationName = Release;
		};
/* End XCConfigurationList section */

/* Begin XCRemoteSwiftPackageReference section */
		706E475C2C6C7D2200842242 /* XCRemoteSwiftPackageReference "Solar" */ = {
			isa = XCRemoteSwiftPackageReference;
			repositoryURL = "https://github.com/ceeK/Solar.git";
			requirement = {
				kind = upToNextMajorVersion;
				minimumVersion = 3.0.1;
			};
		};
/* End XCRemoteSwiftPackageReference section */

/* Begin XCSwiftPackageProductDependency section */
		706E475E2C6C7D4900842242 /* Solar */ = {
			isa = XCSwiftPackageProductDependency;
			package = 706E475C2C6C7D2200842242 /* XCRemoteSwiftPackageReference "Solar" */;
			productName = Solar;
		};
/* End XCSwiftPackageProductDependency section */
	};
	rootObject = 706E470D2C6C7B9400842242 /* Project object */;
}
