// !$*UTF8*$!
{
	archiveVersion = 1;
	classes = {
	};
	objectVersion = 55;
	objects = {

/* Begin PBXBuildFile section */
		F447D8E7284EF8B1008FFD74 /* SuntimeManager.swift in Sources */ = {isa = PBXBuildFile; fileRef = F447D8E6284EF8B1008FFD74 /* SuntimeManager.swift */; };
		F447D8E9284EF8B9008FFD74 /* SuntimeManaging.swift in Sources */ = {isa = PBXBuildFile; fileRef = F447D8E8284EF8B9008FFD74 /* SuntimeManaging.swift */; };
		F447D8EB284EFAC8008FFD74 /* SunsetDependencyResolving.swift in Sources */ = {isa = PBXBuildFile; fileRef = F447D8EA284EFAC8008FFD74 /* SunsetDependencyResolving.swift */; };
		F447D8ED284EFB0B008FFD74 /* SunsetDependencyResolver.swift in Sources */ = {isa = PBXBuildFile; fileRef = F447D8EC284EFB0B008FFD74 /* SunsetDependencyResolver.swift */; };
		F447D8EF284EFBD6008FFD74 /* DateTools.swift in Sources */ = {isa = PBXBuildFile; fileRef = F447D8EE284EFBD6008FFD74 /* DateTools.swift */; };
		F4690403283E69B7003E8B4C /* LocationManaging.swift in Sources */ = {isa = PBXBuildFile; fileRef = F4690402283E69B7003E8B4C /* LocationManaging.swift */; };
		F4690405283E69F7003E8B4C /* SunsetViewModel.swift in Sources */ = {isa = PBXBuildFile; fileRef = F4690404283E69F7003E8B4C /* SunsetViewModel.swift */; };
		F4690407283E6A06003E8B4C /* SunsetView.swift in Sources */ = {isa = PBXBuildFile; fileRef = F4690406283E6A06003E8B4C /* SunsetView.swift */; };
		F4C0077E283E1ABD00954977 /* AppEntry.swift in Sources */ = {isa = PBXBuildFile; fileRef = F4C0077D283E1ABD00954977 /* AppEntry.swift */; };
		F4C00782283E1ABE00954977 /* Assets.xcassets in Resources */ = {isa = PBXBuildFile; fileRef = F4C00781283E1ABE00954977 /* Assets.xcassets */; };
		F4C00785283E1ABE00954977 /* Preview Assets.xcassets in Resources */ = {isa = PBXBuildFile; fileRef = F4C00784283E1ABE00954977 /* Preview Assets.xcassets */; };
		F4C0078D283E308600954977 /* Solar in Frameworks */ = {isa = PBXBuildFile; productRef = F4C0078C283E308600954977 /* Solar */; };
		F4C00793283E315E00954977 /* LocaltionManager.swift in Sources */ = {isa = PBXBuildFile; fileRef = F4C00792283E315E00954977 /* LocaltionManager.swift */; };
/* End PBXBuildFile section */

/* Begin PBXFileReference section */
		F447D8E6284EF8B1008FFD74 /* SuntimeManager.swift */ = {isa = PBXFileReference; lastKnownFileType = sourcecode.swift; path = SuntimeManager.swift; sourceTree = "<group>"; };
		F447D8E8284EF8B9008FFD74 /* SuntimeManaging.swift */ = {isa = PBXFileReference; lastKnownFileType = sourcecode.swift; path = SuntimeManaging.swift; sourceTree = "<group>"; };
		F447D8EA284EFAC8008FFD74 /* SunsetDependencyResolving.swift */ = {isa = PBXFileReference; lastKnownFileType = sourcecode.swift; path = SunsetDependencyResolving.swift; sourceTree = "<group>"; };
		F447D8EC284EFB0B008FFD74 /* SunsetDependencyResolver.swift */ = {isa = PBXFileReference; lastKnownFileType = sourcecode.swift; path = SunsetDependencyResolver.swift; sourceTree = "<group>"; };
		F447D8EE284EFBD6008FFD74 /* DateTools.swift */ = {isa = PBXFileReference; lastKnownFileType = sourcecode.swift; path = DateTools.swift; sourceTree = "<group>"; };
		F4690402283E69B7003E8B4C /* LocationManaging.swift */ = {isa = PBXFileReference; lastKnownFileType = sourcecode.swift; path = LocationManaging.swift; sourceTree = "<group>"; };
		F4690404283E69F7003E8B4C /* SunsetViewModel.swift */ = {isa = PBXFileReference; lastKnownFileType = sourcecode.swift; path = SunsetViewModel.swift; sourceTree = "<group>"; };
		F4690406283E6A06003E8B4C /* SunsetView.swift */ = {isa = PBXFileReference; lastKnownFileType = sourcecode.swift; path = SunsetView.swift; sourceTree = "<group>"; };
		F4C0077A283E1ABD00954977 /* HelloSunset.app */ = {isa = PBXFileReference; explicitFileType = wrapper.application; includeInIndex = 0; path = HelloSunset.app; sourceTree = BUILT_PRODUCTS_DIR; };
		F4C0077D283E1ABD00954977 /* AppEntry.swift */ = {isa = PBXFileReference; lastKnownFileType = sourcecode.swift; path = AppEntry.swift; sourceTree = "<group>"; };
		F4C00781283E1ABE00954977 /* Assets.xcassets */ = {isa = PBXFileReference; lastKnownFileType = folder.assetcatalog; path = Assets.xcassets; sourceTree = "<group>"; };
		F4C00784283E1ABE00954977 /* Preview Assets.xcassets */ = {isa = PBXFileReference; lastKnownFileType = folder.assetcatalog; path = "Preview Assets.xcassets"; sourceTree = "<group>"; };
		F4C00792283E315E00954977 /* LocaltionManager.swift */ = {isa = PBXFileReference; lastKnownFileType = sourcecode.swift; path = LocaltionManager.swift; sourceTree = "<group>"; };
/* End PBXFileReference section */

/* Begin PBXFrameworksBuildPhase section */
		F4C00777283E1ABD00954977 /* Frameworks */ = {
			isa = PBXFrameworksBuildPhase;
			buildActionMask = 2147483647;
			files = (
				F4C0078D283E308600954977 /* Solar in Frameworks */,
			);
			runOnlyForDeploymentPostprocessing = 0;
		};
/* End PBXFrameworksBuildPhase section */

/* Begin PBXGroup section */
		F4690408283E6A0B003E8B4C /* Sunset */ = {
			isa = PBXGroup;
			children = (
				F4690404283E69F7003E8B4C /* SunsetViewModel.swift */,
				F4690406283E6A06003E8B4C /* SunsetView.swift */,
				F447D8EA284EFAC8008FFD74 /* SunsetDependencyResolving.swift */,
				F447D8EC284EFB0B008FFD74 /* SunsetDependencyResolver.swift */,
			);
			path = Sunset;
			sourceTree = "<group>";
		};
		F4C00771283E1ABD00954977 = {
			isa = PBXGroup;
			children = (
				F4C0077C283E1ABD00954977 /* HelloSunset */,
				F4C0077B283E1ABD00954977 /* Products */,
			);
			sourceTree = "<group>";
		};
		F4C0077B283E1ABD00954977 /* Products */ = {
			isa = PBXGroup;
			children = (
				F4C0077A283E1ABD00954977 /* HelloSunset.app */,
			);
			name = Products;
			sourceTree = "<group>";
		};
		F4C0077C283E1ABD00954977 /* HelloSunset */ = {
			isa = PBXGroup;
			children = (
				F4C00790283E311F00954977 /* App */,
				F4C0078E283E311700954977 /* Core */,
				F4C0078F283E311B00954977 /* Feature */,
				F4C00791283E312700954977 /* Resource */,
				F4C00783283E1ABE00954977 /* Preview Content */,
			);
			path = HelloSunset;
			sourceTree = "<group>";
		};
		F4C00783283E1ABE00954977 /* Preview Content */ = {
			isa = PBXGroup;
			children = (
				F4C00784283E1ABE00954977 /* Preview Assets.xcassets */,
			);
			path = "Preview Content";
			sourceTree = "<group>";
		};
		F4C0078E283E311700954977 /* Core */ = {
			isa = PBXGroup;
			children = (
				F4C00792283E315E00954977 /* LocaltionManager.swift */,
				F4690402283E69B7003E8B4C /* LocationManaging.swift */,
				F447D8E6284EF8B1008FFD74 /* SuntimeManager.swift */,
				F447D8E8284EF8B9008FFD74 /* SuntimeManaging.swift */,
				F447D8EE284EFBD6008FFD74 /* DateTools.swift */,
			);
			path = Core;
			sourceTree = "<group>";
		};
		F4C0078F283E311B00954977 /* Feature */ = {
			isa = PBXGroup;
			children = (
				F4690408283E6A0B003E8B4C /* Sunset */,
			);
			path = Feature;
			sourceTree = "<group>";
		};
		F4C00790283E311F00954977 /* App */ = {
			isa = PBXGroup;
			children = (
				F4C0077D283E1ABD00954977 /* AppEntry.swift */,
			);
			path = App;
			sourceTree = "<group>";
		};
		F4C00791283E312700954977 /* Resource */ = {
			isa = PBXGroup;
			children = (
				F4C00781283E1ABE00954977 /* Assets.xcassets */,
			);
			path = Resource;
			sourceTree = "<group>";
		};
/* End PBXGroup section */

/* Begin PBXNativeTarget section */
		F4C00779283E1ABD00954977 /* HelloSunset */ = {
			isa = PBXNativeTarget;
			buildConfigurationList = F4C00788283E1ABE00954977 /* Build configuration list for PBXNativeTarget "HelloSunset" */;
			buildPhases = (
				F4C00776283E1ABD00954977 /* Sources */,
				F4C00777283E1ABD00954977 /* Frameworks */,
				F4C00778283E1ABD00954977 /* Resources */,
			);
			buildRules = (
			);
			dependencies = (
			);
			name = HelloSunset;
			packageProductDependencies = (
				F4C0078C283E308600954977 /* Solar */,
			);
			productName = HelloSunset;
			productReference = F4C0077A283E1ABD00954977 /* HelloSunset.app */;
			productType = "com.apple.product-type.application";
		};
/* End PBXNativeTarget section */

/* Begin PBXProject section */
		F4C00772283E1ABD00954977 /* Project object */ = {
			isa = PBXProject;
			attributes = {
				BuildIndependentTargetsInParallel = 1;
				LastSwiftUpdateCheck = 1340;
				LastUpgradeCheck = 1340;
				TargetAttributes = {
					F4C00779283E1ABD00954977 = {
						CreatedOnToolsVersion = 13.4;
					};
				};
			};
			buildConfigurationList = F4C00775283E1ABD00954977 /* Build configuration list for PBXProject "HelloSunset" */;
			compatibilityVersion = "Xcode 13.0";
			developmentRegion = en;
			hasScannedForEncodings = 0;
			knownRegions = (
				en,
				Base,
			);
			mainGroup = F4C00771283E1ABD00954977;
			packageReferences = (
				F4C0078B283E308600954977 /* XCRemoteSwiftPackageReference "Solar" */,
			);
			productRefGroup = F4C0077B283E1ABD00954977 /* Products */;
			projectDirPath = "";
			projectRoot = "";
			targets = (
				F4C00779283E1ABD00954977 /* HelloSunset */,
			);
		};
/* End PBXProject section */

/* Begin PBXResourcesBuildPhase section */
		F4C00778283E1ABD00954977 /* Resources */ = {
			isa = PBXResourcesBuildPhase;
			buildActionMask = 2147483647;
			files = (
				F4C00785283E1ABE00954977 /* Preview Assets.xcassets in Resources */,
				F4C00782283E1ABE00954977 /* Assets.xcassets in Resources */,
			);
			runOnlyForDeploymentPostprocessing = 0;
		};
/* End PBXResourcesBuildPhase section */

/* Begin PBXSourcesBuildPhase section */
		F4C00776283E1ABD00954977 /* Sources */ = {
			isa = PBXSourcesBuildPhase;
			buildActionMask = 2147483647;
			files = (
				F447D8EF284EFBD6008FFD74 /* DateTools.swift in Sources */,
				F4690403283E69B7003E8B4C /* LocationManaging.swift in Sources */,
				F447D8EB284EFAC8008FFD74 /* SunsetDependencyResolving.swift in Sources */,
				F4690407283E6A06003E8B4C /* SunsetView.swift in Sources */,
				F447D8ED284EFB0B008FFD74 /* SunsetDependencyResolver.swift in Sources */,
				F4690405283E69F7003E8B4C /* SunsetViewModel.swift in Sources */,
				F447D8E7284EF8B1008FFD74 /* SuntimeManager.swift in Sources */,
				F4C00793283E315E00954977 /* LocaltionManager.swift in Sources */,
				F4C0077E283E1ABD00954977 /* AppEntry.swift in Sources */,
				F447D8E9284EF8B9008FFD74 /* SuntimeManaging.swift in Sources */,
			);
			runOnlyForDeploymentPostprocessing = 0;
		};
/* End PBXSourcesBuildPhase section */

/* Begin XCBuildConfiguration section */
		F4C00786283E1ABE00954977 /* Debug */ = {
			isa = XCBuildConfiguration;
			buildSettings = {
				ALWAYS_SEARCH_USER_PATHS = NO;
				CLANG_ANALYZER_NONNULL = YES;
				CLANG_ANALYZER_NUMBER_OBJECT_CONVERSION = YES_AGGRESSIVE;
				CLANG_CXX_LANGUAGE_STANDARD = "gnu++17";
				CLANG_ENABLE_MODULES = YES;
				CLANG_ENABLE_OBJC_ARC = YES;
				CLANG_ENABLE_OBJC_WEAK = YES;
				CLANG_WARN_BLOCK_CAPTURE_AUTORELEASING = YES;
				CLANG_WARN_BOOL_CONVERSION = YES;
				CLANG_WARN_COMMA = YES;
				CLANG_WARN_CONSTANT_CONVERSION = YES;
				CLANG_WARN_DEPRECATED_OBJC_IMPLEMENTATIONS = YES;
				CLANG_WARN_DIRECT_OBJC_ISA_USAGE = YES_ERROR;
				CLANG_WARN_DOCUMENTATION_COMMENTS = YES;
				CLANG_WARN_EMPTY_BODY = YES;
				CLANG_WARN_ENUM_CONVERSION = YES;
				CLANG_WARN_INFINITE_RECURSION = YES;
				CLANG_WARN_INT_CONVERSION = YES;
				CLANG_WARN_NON_LITERAL_NULL_CONVERSION = YES;
				CLANG_WARN_OBJC_IMPLICIT_RETAIN_SELF = YES;
				CLANG_WARN_OBJC_LITERAL_CONVERSION = YES;
				CLANG_WARN_OBJC_ROOT_CLASS = YES_ERROR;
				CLANG_WARN_QUOTED_INCLUDE_IN_FRAMEWORK_HEADER = YES;
				CLANG_WARN_RANGE_LOOP_ANALYSIS = YES;
				CLANG_WARN_STRICT_PROTOTYPES = YES;
				CLANG_WARN_SUSPICIOUS_MOVE = YES;
				CLANG_WARN_UNGUARDED_AVAILABILITY = YES_AGGRESSIVE;
				CLANG_WARN_UNREACHABLE_CODE = YES;
				CLANG_WARN__DUPLICATE_METHOD_MATCH = YES;
				COPY_PHASE_STRIP = NO;
				DEBUG_INFORMATION_FORMAT = dwarf;
				ENABLE_STRICT_OBJC_MSGSEND = YES;
				ENABLE_TESTABILITY = YES;
				GCC_C_LANGUAGE_STANDARD = gnu11;
				GCC_DYNAMIC_NO_PIC = NO;
				GCC_NO_COMMON_BLOCKS = YES;
				GCC_OPTIMIZATION_LEVEL = 0;
				GCC_PREPROCESSOR_DEFINITIONS = (
					"DEBUG=1",
					"$(inherited)",
				);
				GCC_WARN_64_TO_32_BIT_CONVERSION = YES;
				GCC_WARN_ABOUT_RETURN_TYPE = YES_ERROR;
				GCC_WARN_UNDECLARED_SELECTOR = YES;
				GCC_WARN_UNINITIALIZED_AUTOS = YES_AGGRESSIVE;
				GCC_WARN_UNUSED_FUNCTION = YES;
				GCC_WARN_UNUSED_VARIABLE = YES;
				IPHONEOS_DEPLOYMENT_TARGET = 15.5;
				MTL_ENABLE_DEBUG_INFO = INCLUDE_SOURCE;
				MTL_FAST_MATH = YES;
				ONLY_ACTIVE_ARCH = YES;
				SDKROOT = iphoneos;
				SWIFT_ACTIVE_COMPILATION_CONDITIONS = DEBUG;
				SWIFT_OPTIMIZATION_LEVEL = "-Onone";
			};
			name = Debug;
		};
		F4C00787283E1ABE00954977 /* Release */ = {
			isa = XCBuildConfiguration;
			buildSettings = {
				ALWAYS_SEARCH_USER_PATHS = NO;
				CLANG_ANALYZER_NONNULL = YES;
				CLANG_ANALYZER_NUMBER_OBJECT_CONVERSION = YES_AGGRESSIVE;
				CLANG_CXX_LANGUAGE_STANDARD = "gnu++17";
				CLANG_ENABLE_MODULES = YES;
				CLANG_ENABLE_OBJC_ARC = YES;
				CLANG_ENABLE_OBJC_WEAK = YES;
				CLANG_WARN_BLOCK_CAPTURE_AUTORELEASING = YES;
				CLANG_WARN_BOOL_CONVERSION = YES;
				CLANG_WARN_COMMA = YES;
				CLANG_WARN_CONSTANT_CONVERSION = YES;
				CLANG_WARN_DEPRECATED_OBJC_IMPLEMENTATIONS = YES;
				CLANG_WARN_DIRECT_OBJC_ISA_USAGE = YES_ERROR;
				CLANG_WARN_DOCUMENTATION_COMMENTS = YES;
				CLANG_WARN_EMPTY_BODY = YES;
				CLANG_WARN_ENUM_CONVERSION = YES;
				CLANG_WARN_INFINITE_RECURSION = YES;
				CLANG_WARN_INT_CONVERSION = YES;
				CLANG_WARN_NON_LITERAL_NULL_CONVERSION = YES;
				CLANG_WARN_OBJC_IMPLICIT_RETAIN_SELF = YES;
				CLANG_WARN_OBJC_LITERAL_CONVERSION = YES;
				CLANG_WARN_OBJC_ROOT_CLASS = YES_ERROR;
				CLANG_WARN_QUOTED_INCLUDE_IN_FRAMEWORK_HEADER = YES;
				CLANG_WARN_RANGE_LOOP_ANALYSIS = YES;
				CLANG_WARN_STRICT_PROTOTYPES = YES;
				CLANG_WARN_SUSPICIOUS_MOVE = YES;
				CLANG_WARN_UNGUARDED_AVAILABILITY = YES_AGGRESSIVE;
				CLANG_WARN_UNREACHABLE_CODE = YES;
				CLANG_WARN__DUPLICATE_METHOD_MATCH = YES;
				COPY_PHASE_STRIP = NO;
				DEBUG_INFORMATION_FORMAT = "dwarf-with-dsym";
				ENABLE_NS_ASSERTIONS = NO;
				ENABLE_STRICT_OBJC_MSGSEND = YES;
				GCC_C_LANGUAGE_STANDARD = gnu11;
				GCC_NO_COMMON_BLOCKS = YES;
				GCC_WARN_64_TO_32_BIT_CONVERSION = YES;
				GCC_WARN_ABOUT_RETURN_TYPE = YES_ERROR;
				GCC_WARN_UNDECLARED_SELECTOR = YES;
				GCC_WARN_UNINITIALIZED_AUTOS = YES_AGGRESSIVE;
				GCC_WARN_UNUSED_FUNCTION = YES;
				GCC_WARN_UNUSED_VARIABLE = YES;
				IPHONEOS_DEPLOYMENT_TARGET = 15.5;
				MTL_ENABLE_DEBUG_INFO = NO;
				MTL_FAST_MATH = YES;
				SDKROOT = iphoneos;
				SWIFT_COMPILATION_MODE = wholemodule;
				SWIFT_OPTIMIZATION_LEVEL = "-O";
				VALIDATE_PRODUCT = YES;
			};
			name = Release;
		};
		F4C00789283E1ABE00954977 /* Debug */ = {
			isa = XCBuildConfiguration;
			buildSettings = {
				ASSETCATALOG_COMPILER_APPICON_NAME = AppIcon;
				ASSETCATALOG_COMPILER_GLOBAL_ACCENT_COLOR_NAME = AccentColor;
				CODE_SIGN_STYLE = Automatic;
				CURRENT_PROJECT_VERSION = 1;
				DEVELOPMENT_ASSET_PATHS = "\"HelloSunset/Preview Content\"";
				DEVELOPMENT_TEAM = QV8A622H75;
				ENABLE_PREVIEWS = YES;
				GENERATE_INFOPLIST_FILE = YES;
				INFOPLIST_KEY_NSLocationAlwaysAndWhenInUseUsageDescription = "Your location is needed to get the sunset for you.";
				INFOPLIST_KEY_NSLocationWhenInUseUsageDescription = "Your location is needed to get the sunset for you.";
				INFOPLIST_KEY_UIApplicationSceneManifest_Generation = YES;
				INFOPLIST_KEY_UIApplicationSupportsIndirectInputEvents = YES;
				INFOPLIST_KEY_UILaunchScreen_Generation = YES;
				INFOPLIST_KEY_UISupportedInterfaceOrientations_iPad = "UIInterfaceOrientationPortrait UIInterfaceOrientationPortraitUpsideDown UIInterfaceOrientationLandscapeLeft UIInterfaceOrientationLandscapeRight";
				INFOPLIST_KEY_UISupportedInterfaceOrientations_iPhone = "UIInterfaceOrientationPortrait UIInterfaceOrientationLandscapeLeft UIInterfaceOrientationLandscapeRight";
				IPHONEOS_DEPLOYMENT_TARGET = 15.0;
				LD_RUNPATH_SEARCH_PATHS = (
					"$(inherited)",
					"@executable_path/Frameworks",
				);
				MARKETING_VERSION = 1.0;
				PRODUCT_BUNDLE_IDENTIFIER = com.jarvan.HelloSunset;
				PRODUCT_NAME = "$(TARGET_NAME)";
				SWIFT_EMIT_LOC_STRINGS = YES;
				SWIFT_VERSION = 5.0;
				TARGETED_DEVICE_FAMILY = "1,2";
			};
			name = Debug;
		};
		F4C0078A283E1ABE00954977 /* Release */ = {
			isa = XCBuildConfiguration;
			buildSettings = {
				ASSETCATALOG_COMPILER_APPICON_NAME = AppIcon;
				ASSETCATALOG_COMPILER_GLOBAL_ACCENT_COLOR_NAME = AccentColor;
				CODE_SIGN_STYLE = Automatic;
				CURRENT_PROJECT_VERSION = 1;
				DEVELOPMENT_ASSET_PATHS = "\"HelloSunset/Preview Content\"";
				DEVELOPMENT_TEAM = QV8A622H75;
				ENABLE_PREVIEWS = YES;
				GENERATE_INFOPLIST_FILE = YES;
				INFOPLIST_KEY_NSLocationAlwaysAndWhenInUseUsageDescription = "Your location is needed to get the sunset for you.";
				INFOPLIST_KEY_NSLocationWhenInUseUsageDescription = "Your location is needed to get the sunset for you.";
				INFOPLIST_KEY_UIApplicationSceneManifest_Generation = YES;
				INFOPLIST_KEY_UIApplicationSupportsIndirectInputEvents = YES;
				INFOPLIST_KEY_UILaunchScreen_Generation = YES;
				INFOPLIST_KEY_UISupportedInterfaceOrientations_iPad = "UIInterfaceOrientationPortrait UIInterfaceOrientationPortraitUpsideDown UIInterfaceOrientationLandscapeLeft UIInterfaceOrientationLandscapeRight";
				INFOPLIST_KEY_UISupportedInterfaceOrientations_iPhone = "UIInterfaceOrientationPortrait UIInterfaceOrientationLandscapeLeft UIInterfaceOrientationLandscapeRight";
				IPHONEOS_DEPLOYMENT_TARGET = 15.0;
				LD_RUNPATH_SEARCH_PATHS = (
					"$(inherited)",
					"@executable_path/Frameworks",
				);
				MARKETING_VERSION = 1.0;
				PRODUCT_BUNDLE_IDENTIFIER = com.jarvan.HelloSunset;
				PRODUCT_NAME = "$(TARGET_NAME)";
				SWIFT_EMIT_LOC_STRINGS = YES;
				SWIFT_VERSION = 5.0;
				TARGETED_DEVICE_FAMILY = "1,2";
			};
			name = Release;
		};
/* End XCBuildConfiguration section */

/* Begin XCConfigurationList section */
		F4C00775283E1ABD00954977 /* Build configuration list for PBXProject "HelloSunset" */ = {
			isa = XCConfigurationList;
			buildConfigurations = (
				F4C00786283E1ABE00954977 /* Debug */,
				F4C00787283E1ABE00954977 /* Release */,
			);
			defaultConfigurationIsVisible = 0;
			defaultConfigurationName = Release;
		};
		F4C00788283E1ABE00954977 /* Build configuration list for PBXNativeTarget "HelloSunset" */ = {
			isa = XCConfigurationList;
			buildConfigurations = (
				F4C00789283E1ABE00954977 /* Debug */,
				F4C0078A283E1ABE00954977 /* Release */,
			);
			defaultConfigurationIsVisible = 0;
			defaultConfigurationName = Release;
		};
/* End XCConfigurationList section */

/* Begin XCRemoteSwiftPackageReference section */
		F4C0078B283E308600954977 /* XCRemoteSwiftPackageReference "Solar" */ = {
			isa = XCRemoteSwiftPackageReference;
			repositoryURL = "https://github.com/ceeK/Solar.git";
			requirement = {
				kind = upToNextMajorVersion;
				minimumVersion = 3.0.0;
			};
		};
/* End XCRemoteSwiftPackageReference section */

/* Begin XCSwiftPackageProductDependency section */
		F4C0078C283E308600954977 /* Solar */ = {
			isa = XCSwiftPackageProductDependency;
			package = F4C0078B283E308600954977 /* XCRemoteSwiftPackageReference "Solar" */;
			productName = Solar;
		};
/* End XCSwiftPackageProductDependency section */
	};
	rootObject = F4C00772283E1ABD00954977 /* Project object */;
}
